// !$*UTF8*$!
{
	archiveVersion = 1;
	classes = {
	};
	objectVersion = 56;
	objects = {

/* Begin PBXBuildFile section */
		5514FEF0297743E500A95E77 /* RequestUpdateApptViewModel.swift in Sources */ = {isa = PBXBuildFile; fileRef = 5514FEEF297743E500A95E77 /* RequestUpdateApptViewModel.swift */; };
		5514FEF2297883BC00A95E77 /* String+Extensions.swift in Sources */ = {isa = PBXBuildFile; fileRef = 5514FEF1297883BC00A95E77 /* String+Extensions.swift */; };
		5514FEF62988CEC000A95E77 /* Networking.swift in Sources */ = {isa = PBXBuildFile; fileRef = 5514FEF52988CEC000A95E77 /* Networking.swift */; };
		5540C7D029F70D1F00463625 /* FirebaseFunctions in Frameworks */ = {isa = PBXBuildFile; productRef = 5540C7CF29F70D1F00463625 /* FirebaseFunctions */; };
		5540C7D229F70D2700463625 /* FirebaseMessaging in Frameworks */ = {isa = PBXBuildFile; productRef = 5540C7D129F70D2700463625 /* FirebaseMessaging */; };
		5540C7D429F71D4E00463625 /* Networking+Admin.swift in Sources */ = {isa = PBXBuildFile; fileRef = 5540C7D329F71D4E00463625 /* Networking+Admin.swift */; };
		5542B2D329AD61BD0080B220 /* AppointmentCellDetailViewModel.swift in Sources */ = {isa = PBXBuildFile; fileRef = 5542B2D229AD61BD0080B220 /* AppointmentCellDetailViewModel.swift */; };
		5542B2D529AD6DFF0080B220 /* AppointmentsViewModel.swift in Sources */ = {isa = PBXBuildFile; fileRef = 5542B2D429AD6DFF0080B220 /* AppointmentsViewModel.swift */; };
		5542B2D729AD794F0080B220 /* LogoutDeleteAcctView.swift in Sources */ = {isa = PBXBuildFile; fileRef = 5542B2D629AD794F0080B220 /* LogoutDeleteAcctView.swift */; };
		5542B2D929AD7E550080B220 /* LogoutDeleteAcctViewModel.swift in Sources */ = {isa = PBXBuildFile; fileRef = 5542B2D829AD7E550080B220 /* LogoutDeleteAcctViewModel.swift */; };
		5542B2DC29ADE5630080B220 /* ContactView.swift in Sources */ = {isa = PBXBuildFile; fileRef = 5542B2DB29ADE5630080B220 /* ContactView.swift */; };
		5542B2DE29ADE60E0080B220 /* ContactViewModel.swift in Sources */ = {isa = PBXBuildFile; fileRef = 5542B2DD29ADE60E0080B220 /* ContactViewModel.swift */; };
		5542B2E029ADF4AA0080B220 /* DetailMenu.swift in Sources */ = {isa = PBXBuildFile; fileRef = 5542B2DF29ADF4AA0080B220 /* DetailMenu.swift */; };
		5542B2E229ADF65A0080B220 /* WebHelper.swift in Sources */ = {isa = PBXBuildFile; fileRef = 5542B2E129ADF65A0080B220 /* WebHelper.swift */; };
		5542B2E429AE0B250080B220 /* CustomTextField.swift in Sources */ = {isa = PBXBuildFile; fileRef = 5542B2E329AE0B250080B220 /* CustomTextField.swift */; };
		5542B2E629AE0D980080B220 /* CustomLongFormTextField.swift in Sources */ = {isa = PBXBuildFile; fileRef = 5542B2E529AE0D980080B220 /* CustomLongFormTextField.swift */; };
		55839A14299ACDBF00715991 /* AppointmentCellDetailView.swift in Sources */ = {isa = PBXBuildFile; fileRef = 55839A13299ACDBF00715991 /* AppointmentCellDetailView.swift */; };
		558C165A299B778000964B3A /* CallHelper.swift in Sources */ = {isa = PBXBuildFile; fileRef = 558C1659299B778000964B3A /* CallHelper.swift */; };
		558C96FA299DED5600BD9D05 /* LoginViewModel.swift in Sources */ = {isa = PBXBuildFile; fileRef = 558C96F9299DED5600BD9D05 /* LoginViewModel.swift */; };
		558D3CEF28FF26700068977A /* APDetailingApp.swift in Sources */ = {isa = PBXBuildFile; fileRef = 558D3CEE28FF26700068977A /* APDetailingApp.swift */; };
		558D3CF128FF26700068977A /* ContentView.swift in Sources */ = {isa = PBXBuildFile; fileRef = 558D3CF028FF26700068977A /* ContentView.swift */; };
		558D3CF328FF26710068977A /* Assets.xcassets in Resources */ = {isa = PBXBuildFile; fileRef = 558D3CF228FF26710068977A /* Assets.xcassets */; };
		558D3CFD28FF28520068977A /* RequestUpdateApptView.swift in Sources */ = {isa = PBXBuildFile; fileRef = 558D3CFC28FF28520068977A /* RequestUpdateApptView.swift */; };
		558D3CFF28FF287A0068977A /* TimeInterval+Extensions.swift in Sources */ = {isa = PBXBuildFile; fileRef = 558D3CFE28FF287A0068977A /* TimeInterval+Extensions.swift */; };
		558D3D0128FF28A70068977A /* DetailPackageView.swift in Sources */ = {isa = PBXBuildFile; fileRef = 558D3D0028FF28A70068977A /* DetailPackageView.swift */; };
		558D3D0328FF28C60068977A /* DetailMenuModels.swift in Sources */ = {isa = PBXBuildFile; fileRef = 558D3D0228FF28C60068977A /* DetailMenuModels.swift */; };
		55AF3B98290A7FA100DE2C79 /* DetailPackagePicker.swift in Sources */ = {isa = PBXBuildFile; fileRef = 55AF3B97290A7FA100DE2C79 /* DetailPackagePicker.swift */; };
		55C1D6FC29F9156300221C16 /* ContentViewModel.swift in Sources */ = {isa = PBXBuildFile; fileRef = 55C1D6FB29F9156300221C16 /* ContentViewModel.swift */; };
		55D153B2290A517B00860720 /* RoundedButton.swift in Sources */ = {isa = PBXBuildFile; fileRef = 55D153B1290A517B00860720 /* RoundedButton.swift */; };
		55D153B4290A5A3900860720 /* ContainerView.swift in Sources */ = {isa = PBXBuildFile; fileRef = 55D153B3290A5A3900860720 /* ContainerView.swift */; };
		55D3C76E299868B30073379C /* AppointmentModel.swift in Sources */ = {isa = PBXBuildFile; fileRef = 55D3C76D299868B30073379C /* AppointmentModel.swift */; };
		55D3C770299872600073379C /* GoogleService-Info.plist in Resources */ = {isa = PBXBuildFile; fileRef = 55D3C76F299872600073379C /* GoogleService-Info.plist */; };
		55D3C773299877F50073379C /* FirebaseAuth in Frameworks */ = {isa = PBXBuildFile; productRef = 55D3C772299877F50073379C /* FirebaseAuth */; };
		55D3C775299877F50073379C /* FirebaseFirestoreSwift in Frameworks */ = {isa = PBXBuildFile; productRef = 55D3C774299877F50073379C /* FirebaseFirestoreSwift */; };
		55D3C77829987F100073379C /* LoginView.swift in Sources */ = {isa = PBXBuildFile; fileRef = 55D3C77729987F100073379C /* LoginView.swift */; };
		55D3C77A299892CA0073379C /* MenuView.swift in Sources */ = {isa = PBXBuildFile; fileRef = 55D3C779299892CA0073379C /* MenuView.swift */; };
		55D3C77C29989FB60073379C /* Codable+Extensions.swift in Sources */ = {isa = PBXBuildFile; fileRef = 55D3C77B29989FB60073379C /* Codable+Extensions.swift */; };
		55D3C7812998AAA10073379C /* AppointmentsView.swift in Sources */ = {isa = PBXBuildFile; fileRef = 55D3C7802998AAA10073379C /* AppointmentsView.swift */; };
		55D3C7852998C39A0073379C /* AppointmentCellView.swift in Sources */ = {isa = PBXBuildFile; fileRef = 55D3C7842998C39A0073379C /* AppointmentCellView.swift */; };
		55D3C7872998C4D70073379C /* User.swift in Sources */ = {isa = PBXBuildFile; fileRef = 55D3C7862998C4D70073379C /* User.swift */; };
		55E0C04829773702008FB508 /* MessageViewController.swift in Sources */ = {isa = PBXBuildFile; fileRef = 55E0C04729773702008FB508 /* MessageViewController.swift */; };
		55E0C04A29773C4D008FB508 /* MessageUIView.swift in Sources */ = {isa = PBXBuildFile; fileRef = 55E0C04929773C4D008FB508 /* MessageUIView.swift */; };
		55E4560C29F8D72B00D703A8 /* DeepLinkRouter.swift in Sources */ = {isa = PBXBuildFile; fileRef = 55E4560B29F8D72B00D703A8 /* DeepLinkRouter.swift */; };
		55FFB68529A3429300DB812D /* Networking+Appointments.swift in Sources */ = {isa = PBXBuildFile; fileRef = 55FFB68429A3429300DB812D /* Networking+Appointments.swift */; };
		55FFB68729A342D000DB812D /* Networking+Login.swift in Sources */ = {isa = PBXBuildFile; fileRef = 55FFB68629A342D000DB812D /* Networking+Login.swift */; };
		55FFB68F29A6CCA900DB812D /* LocationSuggestionTextField.swift in Sources */ = {isa = PBXBuildFile; fileRef = 55FFB68E29A6CCA900DB812D /* LocationSuggestionTextField.swift */; };
		55FFB69129A73C5000DB812D /* MenuViewModel.swift in Sources */ = {isa = PBXBuildFile; fileRef = 55FFB69029A73C5000DB812D /* MenuViewModel.swift */; };
		55FFB69329A73D6200DB812D /* Networking+Menu.swift in Sources */ = {isa = PBXBuildFile; fileRef = 55FFB69229A73D6200DB812D /* Networking+Menu.swift */; };
/* End PBXBuildFile section */

/* Begin PBXFileReference section */
		5514FEEF297743E500A95E77 /* RequestUpdateApptViewModel.swift */ = {isa = PBXFileReference; lastKnownFileType = sourcecode.swift; path = RequestUpdateApptViewModel.swift; sourceTree = "<group>"; };
		5514FEF1297883BC00A95E77 /* String+Extensions.swift */ = {isa = PBXFileReference; lastKnownFileType = sourcecode.swift; path = "String+Extensions.swift"; sourceTree = "<group>"; };
		5514FEF52988CEC000A95E77 /* Networking.swift */ = {isa = PBXFileReference; lastKnownFileType = sourcecode.swift; path = Networking.swift; sourceTree = "<group>"; };
		5540C7D329F71D4E00463625 /* Networking+Admin.swift */ = {isa = PBXFileReference; lastKnownFileType = sourcecode.swift; path = "Networking+Admin.swift"; sourceTree = "<group>"; };
		5542B2D229AD61BD0080B220 /* AppointmentCellDetailViewModel.swift */ = {isa = PBXFileReference; lastKnownFileType = sourcecode.swift; path = AppointmentCellDetailViewModel.swift; sourceTree = "<group>"; };
		5542B2D429AD6DFF0080B220 /* AppointmentsViewModel.swift */ = {isa = PBXFileReference; lastKnownFileType = sourcecode.swift; path = AppointmentsViewModel.swift; sourceTree = "<group>"; };
		5542B2D629AD794F0080B220 /* LogoutDeleteAcctView.swift */ = {isa = PBXFileReference; lastKnownFileType = sourcecode.swift; path = LogoutDeleteAcctView.swift; sourceTree = "<group>"; };
		5542B2D829AD7E550080B220 /* LogoutDeleteAcctViewModel.swift */ = {isa = PBXFileReference; lastKnownFileType = sourcecode.swift; path = LogoutDeleteAcctViewModel.swift; sourceTree = "<group>"; };
		5542B2DB29ADE5630080B220 /* ContactView.swift */ = {isa = PBXFileReference; lastKnownFileType = sourcecode.swift; path = ContactView.swift; sourceTree = "<group>"; };
		5542B2DD29ADE60E0080B220 /* ContactViewModel.swift */ = {isa = PBXFileReference; lastKnownFileType = sourcecode.swift; path = ContactViewModel.swift; sourceTree = "<group>"; };
		5542B2DF29ADF4AA0080B220 /* DetailMenu.swift */ = {isa = PBXFileReference; lastKnownFileType = sourcecode.swift; path = DetailMenu.swift; sourceTree = "<group>"; };
		5542B2E129ADF65A0080B220 /* WebHelper.swift */ = {isa = PBXFileReference; lastKnownFileType = sourcecode.swift; path = WebHelper.swift; sourceTree = "<group>"; };
		5542B2E329AE0B250080B220 /* CustomTextField.swift */ = {isa = PBXFileReference; lastKnownFileType = sourcecode.swift; path = CustomTextField.swift; sourceTree = "<group>"; };
		5542B2E529AE0D980080B220 /* CustomLongFormTextField.swift */ = {isa = PBXFileReference; lastKnownFileType = sourcecode.swift; path = CustomLongFormTextField.swift; sourceTree = "<group>"; };
		55839A13299ACDBF00715991 /* AppointmentCellDetailView.swift */ = {isa = PBXFileReference; lastKnownFileType = sourcecode.swift; path = AppointmentCellDetailView.swift; sourceTree = "<group>"; };
		55839A15299AFE1B00715991 /* Info.plist */ = {isa = PBXFileReference; lastKnownFileType = text.plist; path = Info.plist; sourceTree = "<group>"; };
		558C1659299B778000964B3A /* CallHelper.swift */ = {isa = PBXFileReference; lastKnownFileType = sourcecode.swift; path = CallHelper.swift; sourceTree = "<group>"; };
		558C96F8299DE40100BD9D05 /* APDetailing.entitlements */ = {isa = PBXFileReference; lastKnownFileType = text.plist.entitlements; path = APDetailing.entitlements; sourceTree = "<group>"; };
		558C96F9299DED5600BD9D05 /* LoginViewModel.swift */ = {isa = PBXFileReference; lastKnownFileType = sourcecode.swift; path = LoginViewModel.swift; sourceTree = "<group>"; };
		558D3CEB28FF26700068977A /* APDetailing.app */ = {isa = PBXFileReference; explicitFileType = wrapper.application; includeInIndex = 0; path = APDetailing.app; sourceTree = BUILT_PRODUCTS_DIR; };
		558D3CEE28FF26700068977A /* APDetailingApp.swift */ = {isa = PBXFileReference; lastKnownFileType = sourcecode.swift; path = APDetailingApp.swift; sourceTree = "<group>"; };
		558D3CF028FF26700068977A /* ContentView.swift */ = {isa = PBXFileReference; lastKnownFileType = sourcecode.swift; path = ContentView.swift; sourceTree = "<group>"; };
		558D3CF228FF26710068977A /* Assets.xcassets */ = {isa = PBXFileReference; lastKnownFileType = folder.assetcatalog; path = Assets.xcassets; sourceTree = "<group>"; };
		558D3CFC28FF28520068977A /* RequestUpdateApptView.swift */ = {isa = PBXFileReference; lastKnownFileType = sourcecode.swift; path = RequestUpdateApptView.swift; sourceTree = "<group>"; };
		558D3CFE28FF287A0068977A /* TimeInterval+Extensions.swift */ = {isa = PBXFileReference; lastKnownFileType = sourcecode.swift; path = "TimeInterval+Extensions.swift"; sourceTree = "<group>"; };
		558D3D0028FF28A70068977A /* DetailPackageView.swift */ = {isa = PBXFileReference; lastKnownFileType = sourcecode.swift; path = DetailPackageView.swift; sourceTree = "<group>"; };
		558D3D0228FF28C60068977A /* DetailMenuModels.swift */ = {isa = PBXFileReference; lastKnownFileType = sourcecode.swift; path = DetailMenuModels.swift; sourceTree = "<group>"; };
		55AF3B97290A7FA100DE2C79 /* DetailPackagePicker.swift */ = {isa = PBXFileReference; lastKnownFileType = sourcecode.swift; path = DetailPackagePicker.swift; sourceTree = "<group>"; };
		55C1D6FB29F9156300221C16 /* ContentViewModel.swift */ = {isa = PBXFileReference; lastKnownFileType = sourcecode.swift; path = ContentViewModel.swift; sourceTree = "<group>"; };
		55D153B1290A517B00860720 /* RoundedButton.swift */ = {isa = PBXFileReference; lastKnownFileType = sourcecode.swift; path = RoundedButton.swift; sourceTree = "<group>"; };
		55D153B3290A5A3900860720 /* ContainerView.swift */ = {isa = PBXFileReference; lastKnownFileType = sourcecode.swift; path = ContainerView.swift; sourceTree = "<group>"; };
		55D3C76D299868B30073379C /* AppointmentModel.swift */ = {isa = PBXFileReference; lastKnownFileType = sourcecode.swift; path = AppointmentModel.swift; sourceTree = "<group>"; };
		55D3C76F299872600073379C /* GoogleService-Info.plist */ = {isa = PBXFileReference; fileEncoding = 4; lastKnownFileType = text.plist.xml; name = "GoogleService-Info.plist"; path = "../../../../Downloads/GoogleService-Info.plist"; sourceTree = "<group>"; };
		55D3C77729987F100073379C /* LoginView.swift */ = {isa = PBXFileReference; lastKnownFileType = sourcecode.swift; path = LoginView.swift; sourceTree = "<group>"; };
		55D3C779299892CA0073379C /* MenuView.swift */ = {isa = PBXFileReference; lastKnownFileType = sourcecode.swift; path = MenuView.swift; sourceTree = "<group>"; };
		55D3C77B29989FB60073379C /* Codable+Extensions.swift */ = {isa = PBXFileReference; lastKnownFileType = sourcecode.swift; path = "Codable+Extensions.swift"; sourceTree = "<group>"; };
		55D3C7802998AAA10073379C /* AppointmentsView.swift */ = {isa = PBXFileReference; lastKnownFileType = sourcecode.swift; path = AppointmentsView.swift; sourceTree = "<group>"; };
		55D3C7842998C39A0073379C /* AppointmentCellView.swift */ = {isa = PBXFileReference; lastKnownFileType = sourcecode.swift; path = AppointmentCellView.swift; sourceTree = "<group>"; };
		55D3C7862998C4D70073379C /* User.swift */ = {isa = PBXFileReference; lastKnownFileType = sourcecode.swift; path = User.swift; sourceTree = "<group>"; };
		55E0C04729773702008FB508 /* MessageViewController.swift */ = {isa = PBXFileReference; lastKnownFileType = sourcecode.swift; path = MessageViewController.swift; sourceTree = "<group>"; };
		55E0C04929773C4D008FB508 /* MessageUIView.swift */ = {isa = PBXFileReference; lastKnownFileType = sourcecode.swift; path = MessageUIView.swift; sourceTree = "<group>"; };
		55E4560B29F8D72B00D703A8 /* DeepLinkRouter.swift */ = {isa = PBXFileReference; lastKnownFileType = sourcecode.swift; path = DeepLinkRouter.swift; sourceTree = "<group>"; };
		55FFB68429A3429300DB812D /* Networking+Appointments.swift */ = {isa = PBXFileReference; lastKnownFileType = sourcecode.swift; path = "Networking+Appointments.swift"; sourceTree = "<group>"; };
		55FFB68629A342D000DB812D /* Networking+Login.swift */ = {isa = PBXFileReference; lastKnownFileType = sourcecode.swift; path = "Networking+Login.swift"; sourceTree = "<group>"; };
		55FFB68E29A6CCA900DB812D /* LocationSuggestionTextField.swift */ = {isa = PBXFileReference; lastKnownFileType = sourcecode.swift; path = LocationSuggestionTextField.swift; sourceTree = "<group>"; };
		55FFB69029A73C5000DB812D /* MenuViewModel.swift */ = {isa = PBXFileReference; lastKnownFileType = sourcecode.swift; path = MenuViewModel.swift; sourceTree = "<group>"; };
		55FFB69229A73D6200DB812D /* Networking+Menu.swift */ = {isa = PBXFileReference; lastKnownFileType = sourcecode.swift; path = "Networking+Menu.swift"; sourceTree = "<group>"; };
/* End PBXFileReference section */

/* Begin PBXFrameworksBuildPhase section */
		558D3CE828FF26700068977A /* Frameworks */ = {
			isa = PBXFrameworksBuildPhase;
			buildActionMask = 2147483647;
			files = (
				5540C7D229F70D2700463625 /* FirebaseMessaging in Frameworks */,
				5540C7D029F70D1F00463625 /* FirebaseFunctions in Frameworks */,
				55D3C773299877F50073379C /* FirebaseAuth in Frameworks */,
				55D3C775299877F50073379C /* FirebaseFirestoreSwift in Frameworks */,
			);
			runOnlyForDeploymentPostprocessing = 0;
		};
/* End PBXFrameworksBuildPhase section */

/* Begin PBXGroup section */
		5540C7CE29F70D1F00463625 /* Frameworks */ = {
			isa = PBXGroup;
			children = (
			);
			name = Frameworks;
			sourceTree = "<group>";
		};
		5542B2DA29ADE5510080B220 /* Contact */ = {
			isa = PBXGroup;
			children = (
				5542B2DB29ADE5630080B220 /* ContactView.swift */,
				5542B2DD29ADE60E0080B220 /* ContactViewModel.swift */,
			);
			path = Contact;
			sourceTree = "<group>";
		};
		558C1658299B776100964B3A /* ContactHelpers */ = {
			isa = PBXGroup;
			children = (
				558C1659299B778000964B3A /* CallHelper.swift */,
				55E0C04929773C4D008FB508 /* MessageUIView.swift */,
				55E0C04729773702008FB508 /* MessageViewController.swift */,
				5542B2E129ADF65A0080B220 /* WebHelper.swift */,
			);
			path = ContactHelpers;
			sourceTree = "<group>";
		};
		558D3CE228FF26700068977A = {
			isa = PBXGroup;
			children = (
				558D3CED28FF26700068977A /* APDetailing */,
				558D3CEC28FF26700068977A /* Products */,
				5540C7CE29F70D1F00463625 /* Frameworks */,
			);
			sourceTree = "<group>";
		};
		558D3CEC28FF26700068977A /* Products */ = {
			isa = PBXGroup;
			children = (
				558D3CEB28FF26700068977A /* APDetailing.app */,
			);
			name = Products;
			sourceTree = "<group>";
		};
		558D3CED28FF26700068977A /* APDetailing */ = {
			isa = PBXGroup;
			children = (
				558C96F8299DE40100BD9D05 /* APDetailing.entitlements */,
				55839A15299AFE1B00715991 /* Info.plist */,
				55AF3B9A290A7FE000DE2C79 /* App */,
				55FFB68329A3426200DB812D /* Networking */,
				55AF3B9C290A805500DE2C79 /* Services */,
				55D3C77E2998AA150073379C /* Appointments */,
				5542B2DA29ADE5510080B220 /* Contact */,
				55D3C77629987EB50073379C /* Login */,
				55AF3B99290A7FCF00DE2C79 /* Utilities */,
			);
			path = APDetailing;
			sourceTree = "<group>";
		};
		55AF3B99290A7FCF00DE2C79 /* Utilities */ = {
			isa = PBXGroup;
			children = (
				558C1658299B776100964B3A /* ContactHelpers */,
				558D3CFE28FF287A0068977A /* TimeInterval+Extensions.swift */,
				55AF3B9B290A800700DE2C79 /* Views */,
				5514FEF1297883BC00A95E77 /* String+Extensions.swift */,
				55D3C77B29989FB60073379C /* Codable+Extensions.swift */,
			);
			path = Utilities;
			sourceTree = "<group>";
		};
		55AF3B9A290A7FE000DE2C79 /* App */ = {
			isa = PBXGroup;
			children = (
				558D3CEE28FF26700068977A /* APDetailingApp.swift */,
				558D3CF028FF26700068977A /* ContentView.swift */,
				55C1D6FB29F9156300221C16 /* ContentViewModel.swift */,
				55D3C7862998C4D70073379C /* User.swift */,
				5542B2DF29ADF4AA0080B220 /* DetailMenu.swift */,
				558D3CF228FF26710068977A /* Assets.xcassets */,
				55D3C76F299872600073379C /* GoogleService-Info.plist */,
				55E4560B29F8D72B00D703A8 /* DeepLinkRouter.swift */,
			);
			path = App;
			sourceTree = "<group>";
		};
		55AF3B9B290A800700DE2C79 /* Views */ = {
			isa = PBXGroup;
			children = (
				55D153B1290A517B00860720 /* RoundedButton.swift */,
				55D153B3290A5A3900860720 /* ContainerView.swift */,
				55FFB68E29A6CCA900DB812D /* LocationSuggestionTextField.swift */,
				5542B2E329AE0B250080B220 /* CustomTextField.swift */,
				5542B2E529AE0D980080B220 /* CustomLongFormTextField.swift */,
			);
			path = Views;
			sourceTree = "<group>";
		};
		55AF3B9C290A805500DE2C79 /* Services */ = {
			isa = PBXGroup;
			children = (
				55D3C779299892CA0073379C /* MenuView.swift */,
				55FFB69029A73C5000DB812D /* MenuViewModel.swift */,
				558D3D0028FF28A70068977A /* DetailPackageView.swift */,
				558D3D0228FF28C60068977A /* DetailMenuModels.swift */,
			);
			path = Services;
			sourceTree = "<group>";
		};
		55D3C77629987EB50073379C /* Login */ = {
			isa = PBXGroup;
			children = (
				55D3C77729987F100073379C /* LoginView.swift */,
				558C96F9299DED5600BD9D05 /* LoginViewModel.swift */,
				5542B2D629AD794F0080B220 /* LogoutDeleteAcctView.swift */,
				5542B2D829AD7E550080B220 /* LogoutDeleteAcctViewModel.swift */,
			);
			path = Login;
			sourceTree = "<group>";
		};
		55D3C77E2998AA150073379C /* Appointments */ = {
			isa = PBXGroup;
			children = (
				55D3C76D299868B30073379C /* AppointmentModel.swift */,
				55D3C7802998AAA10073379C /* AppointmentsView.swift */,
				5542B2D429AD6DFF0080B220 /* AppointmentsViewModel.swift */,
				55D3C7842998C39A0073379C /* AppointmentCellView.swift */,
				55839A13299ACDBF00715991 /* AppointmentCellDetailView.swift */,
				5542B2D229AD61BD0080B220 /* AppointmentCellDetailViewModel.swift */,
				558D3CFC28FF28520068977A /* RequestUpdateApptView.swift */,
				5514FEEF297743E500A95E77 /* RequestUpdateApptViewModel.swift */,
				55AF3B97290A7FA100DE2C79 /* DetailPackagePicker.swift */,
			);
			path = Appointments;
			sourceTree = "<group>";
		};
		55FFB68329A3426200DB812D /* Networking */ = {
			isa = PBXGroup;
			children = (
				5514FEF52988CEC000A95E77 /* Networking.swift */,
				55FFB68429A3429300DB812D /* Networking+Appointments.swift */,
				55FFB68629A342D000DB812D /* Networking+Login.swift */,
				55FFB69229A73D6200DB812D /* Networking+Menu.swift */,
				5540C7D329F71D4E00463625 /* Networking+Admin.swift */,
			);
			path = Networking;
			sourceTree = "<group>";
		};
/* End PBXGroup section */

/* Begin PBXNativeTarget section */
		558D3CEA28FF26700068977A /* APDetailing */ = {
			isa = PBXNativeTarget;
			buildConfigurationList = 558D3CF928FF26710068977A /* Build configuration list for PBXNativeTarget "APDetailing" */;
			buildPhases = (
				558D3CE728FF26700068977A /* Sources */,
				558D3CE828FF26700068977A /* Frameworks */,
				558D3CE928FF26700068977A /* Resources */,
			);
			buildRules = (
			);
			dependencies = (
			);
			name = APDetailing;
			packageProductDependencies = (
				55D3C772299877F50073379C /* FirebaseAuth */,
				55D3C774299877F50073379C /* FirebaseFirestoreSwift */,
				5540C7CF29F70D1F00463625 /* FirebaseFunctions */,
				5540C7D129F70D2700463625 /* FirebaseMessaging */,
			);
			productName = APDetailing;
			productReference = 558D3CEB28FF26700068977A /* APDetailing.app */;
			productType = "com.apple.product-type.application";
		};
/* End PBXNativeTarget section */

/* Begin PBXProject section */
		558D3CE328FF26700068977A /* Project object */ = {
			isa = PBXProject;
			attributes = {
				BuildIndependentTargetsInParallel = 1;
				LastSwiftUpdateCheck = 1400;
				LastUpgradeCheck = 1400;
				TargetAttributes = {
					558D3CEA28FF26700068977A = {
						CreatedOnToolsVersion = 14.0;
					};
				};
			};
			buildConfigurationList = 558D3CE628FF26700068977A /* Build configuration list for PBXProject "APDetailing" */;
			compatibilityVersion = "Xcode 14.0";
			developmentRegion = en;
			hasScannedForEncodings = 0;
			knownRegions = (
				en,
				Base,
			);
			mainGroup = 558D3CE228FF26700068977A;
			packageReferences = (
				55D3C771299877F50073379C /* XCRemoteSwiftPackageReference "firebase-ios-sdk" */,
			);
			productRefGroup = 558D3CEC28FF26700068977A /* Products */;
			projectDirPath = "";
			projectRoot = "";
			targets = (
				558D3CEA28FF26700068977A /* APDetailing */,
			);
		};
/* End PBXProject section */

/* Begin PBXResourcesBuildPhase section */
		558D3CE928FF26700068977A /* Resources */ = {
			isa = PBXResourcesBuildPhase;
			buildActionMask = 2147483647;
			files = (
				558D3CF328FF26710068977A /* Assets.xcassets in Resources */,
				55D3C770299872600073379C /* GoogleService-Info.plist in Resources */,
			);
			runOnlyForDeploymentPostprocessing = 0;
		};
/* End PBXResourcesBuildPhase section */

/* Begin PBXSourcesBuildPhase section */
		558D3CE728FF26700068977A /* Sources */ = {
			isa = PBXSourcesBuildPhase;
			buildActionMask = 2147483647;
			files = (
				55AF3B98290A7FA100DE2C79 /* DetailPackagePicker.swift in Sources */,
				5542B2D929AD7E550080B220 /* LogoutDeleteAcctViewModel.swift in Sources */,
				55D3C76E299868B30073379C /* AppointmentModel.swift in Sources */,
				558D3CFD28FF28520068977A /* RequestUpdateApptView.swift in Sources */,
				5540C7D429F71D4E00463625 /* Networking+Admin.swift in Sources */,
				5542B2E429AE0B250080B220 /* CustomTextField.swift in Sources */,
				5542B2D529AD6DFF0080B220 /* AppointmentsViewModel.swift in Sources */,
				55E4560C29F8D72B00D703A8 /* DeepLinkRouter.swift in Sources */,
				558D3D0328FF28C60068977A /* DetailMenuModels.swift in Sources */,
				55FFB68F29A6CCA900DB812D /* LocationSuggestionTextField.swift in Sources */,
				55FFB69329A73D6200DB812D /* Networking+Menu.swift in Sources */,
				55D153B4290A5A3900860720 /* ContainerView.swift in Sources */,
				5542B2E229ADF65A0080B220 /* WebHelper.swift in Sources */,
				5542B2E629AE0D980080B220 /* CustomLongFormTextField.swift in Sources */,
				558D3D0128FF28A70068977A /* DetailPackageView.swift in Sources */,
				55D3C7812998AAA10073379C /* AppointmentsView.swift in Sources */,
				558C165A299B778000964B3A /* CallHelper.swift in Sources */,
				55839A14299ACDBF00715991 /* AppointmentCellDetailView.swift in Sources */,
				5514FEF0297743E500A95E77 /* RequestUpdateApptViewModel.swift in Sources */,
				5514FEF62988CEC000A95E77 /* Networking.swift in Sources */,
				558D3CF128FF26700068977A /* ContentView.swift in Sources */,
				55D3C7872998C4D70073379C /* User.swift in Sources */,
				5542B2D729AD794F0080B220 /* LogoutDeleteAcctView.swift in Sources */,
				55FFB69129A73C5000DB812D /* MenuViewModel.swift in Sources */,
				5542B2DE29ADE60E0080B220 /* ContactViewModel.swift in Sources */,
				558C96FA299DED5600BD9D05 /* LoginViewModel.swift in Sources */,
				55D153B2290A517B00860720 /* RoundedButton.swift in Sources */,
				55D3C77829987F100073379C /* LoginView.swift in Sources */,
				5514FEF2297883BC00A95E77 /* String+Extensions.swift in Sources */,
				55FFB68729A342D000DB812D /* Networking+Login.swift in Sources */,
				5542B2E029ADF4AA0080B220 /* DetailMenu.swift in Sources */,
				55FFB68529A3429300DB812D /* Networking+Appointments.swift in Sources */,
				55D3C77C29989FB60073379C /* Codable+Extensions.swift in Sources */,
				55E0C04829773702008FB508 /* MessageViewController.swift in Sources */,
				55D3C77A299892CA0073379C /* MenuView.swift in Sources */,
				55D3C7852998C39A0073379C /* AppointmentCellView.swift in Sources */,
				55E0C04A29773C4D008FB508 /* MessageUIView.swift in Sources */,
				5542B2DC29ADE5630080B220 /* ContactView.swift in Sources */,
				55C1D6FC29F9156300221C16 /* ContentViewModel.swift in Sources */,
				558D3CEF28FF26700068977A /* APDetailingApp.swift in Sources */,
				5542B2D329AD61BD0080B220 /* AppointmentCellDetailViewModel.swift in Sources */,
				558D3CFF28FF287A0068977A /* TimeInterval+Extensions.swift in Sources */,
			);
			runOnlyForDeploymentPostprocessing = 0;
		};
/* End PBXSourcesBuildPhase section */

/* Begin XCBuildConfiguration section */
		558D3CF728FF26710068977A /* Debug */ = {
			isa = XCBuildConfiguration;
			buildSettings = {
				ALWAYS_SEARCH_USER_PATHS = NO;
				CLANG_ANALYZER_NONNULL = YES;
				CLANG_ANALYZER_NUMBER_OBJECT_CONVERSION = YES_AGGRESSIVE;
				CLANG_CXX_LANGUAGE_STANDARD = "gnu++20";
				CLANG_ENABLE_MODULES = YES;
				CLANG_ENABLE_OBJC_ARC = YES;
				CLANG_ENABLE_OBJC_WEAK = YES;
				CLANG_WARN_BLOCK_CAPTURE_AUTORELEASING = YES;
				CLANG_WARN_BOOL_CONVERSION = YES;
				CLANG_WARN_COMMA = YES;
				CLANG_WARN_CONSTANT_CONVERSION = YES;
				CLANG_WARN_DEPRECATED_OBJC_IMPLEMENTATIONS = YES;
				CLANG_WARN_DIRECT_OBJC_ISA_USAGE = YES_ERROR;
				CLANG_WARN_DOCUMENTATION_COMMENTS = YES;
				CLANG_WARN_EMPTY_BODY = YES;
				CLANG_WARN_ENUM_CONVERSION = YES;
				CLANG_WARN_INFINITE_RECURSION = YES;
				CLANG_WARN_INT_CONVERSION = YES;
				CLANG_WARN_NON_LITERAL_NULL_CONVERSION = YES;
				CLANG_WARN_OBJC_IMPLICIT_RETAIN_SELF = YES;
				CLANG_WARN_OBJC_LITERAL_CONVERSION = YES;
				CLANG_WARN_OBJC_ROOT_CLASS = YES_ERROR;
				CLANG_WARN_QUOTED_INCLUDE_IN_FRAMEWORK_HEADER = YES;
				CLANG_WARN_RANGE_LOOP_ANALYSIS = YES;
				CLANG_WARN_STRICT_PROTOTYPES = YES;
				CLANG_WARN_SUSPICIOUS_MOVE = YES;
				CLANG_WARN_UNGUARDED_AVAILABILITY = YES_AGGRESSIVE;
				CLANG_WARN_UNREACHABLE_CODE = YES;
				CLANG_WARN__DUPLICATE_METHOD_MATCH = YES;
				COPY_PHASE_STRIP = NO;
				DEBUG_INFORMATION_FORMAT = dwarf;
				ENABLE_STRICT_OBJC_MSGSEND = YES;
				ENABLE_TESTABILITY = YES;
				GCC_C_LANGUAGE_STANDARD = gnu11;
				GCC_DYNAMIC_NO_PIC = NO;
				GCC_NO_COMMON_BLOCKS = YES;
				GCC_OPTIMIZATION_LEVEL = 0;
				GCC_PREPROCESSOR_DEFINITIONS = (
					"DEBUG=1",
					"$(inherited)",
				);
				GCC_WARN_64_TO_32_BIT_CONVERSION = YES;
				GCC_WARN_ABOUT_RETURN_TYPE = YES_ERROR;
				GCC_WARN_UNDECLARED_SELECTOR = YES;
				GCC_WARN_UNINITIALIZED_AUTOS = YES_AGGRESSIVE;
				GCC_WARN_UNUSED_FUNCTION = YES;
				GCC_WARN_UNUSED_VARIABLE = YES;
				IPHONEOS_DEPLOYMENT_TARGET = 16.0;
				MTL_ENABLE_DEBUG_INFO = INCLUDE_SOURCE;
				MTL_FAST_MATH = YES;
				ONLY_ACTIVE_ARCH = YES;
				SDKROOT = iphoneos;
				SWIFT_ACTIVE_COMPILATION_CONDITIONS = DEBUG;
				SWIFT_OPTIMIZATION_LEVEL = "-Onone";
			};
			name = Debug;
		};
		558D3CF828FF26710068977A /* Release */ = {
			isa = XCBuildConfiguration;
			buildSettings = {
				ALWAYS_SEARCH_USER_PATHS = NO;
				CLANG_ANALYZER_NONNULL = YES;
				CLANG_ANALYZER_NUMBER_OBJECT_CONVERSION = YES_AGGRESSIVE;
				CLANG_CXX_LANGUAGE_STANDARD = "gnu++20";
				CLANG_ENABLE_MODULES = YES;
				CLANG_ENABLE_OBJC_ARC = YES;
				CLANG_ENABLE_OBJC_WEAK = YES;
				CLANG_WARN_BLOCK_CAPTURE_AUTORELEASING = YES;
				CLANG_WARN_BOOL_CONVERSION = YES;
				CLANG_WARN_COMMA = YES;
				CLANG_WARN_CONSTANT_CONVERSION = YES;
				CLANG_WARN_DEPRECATED_OBJC_IMPLEMENTATIONS = YES;
				CLANG_WARN_DIRECT_OBJC_ISA_USAGE = YES_ERROR;
				CLANG_WARN_DOCUMENTATION_COMMENTS = YES;
				CLANG_WARN_EMPTY_BODY = YES;
				CLANG_WARN_ENUM_CONVERSION = YES;
				CLANG_WARN_INFINITE_RECURSION = YES;
				CLANG_WARN_INT_CONVERSION = YES;
				CLANG_WARN_NON_LITERAL_NULL_CONVERSION = YES;
				CLANG_WARN_OBJC_IMPLICIT_RETAIN_SELF = YES;
				CLANG_WARN_OBJC_LITERAL_CONVERSION = YES;
				CLANG_WARN_OBJC_ROOT_CLASS = YES_ERROR;
				CLANG_WARN_QUOTED_INCLUDE_IN_FRAMEWORK_HEADER = YES;
				CLANG_WARN_RANGE_LOOP_ANALYSIS = YES;
				CLANG_WARN_STRICT_PROTOTYPES = YES;
				CLANG_WARN_SUSPICIOUS_MOVE = YES;
				CLANG_WARN_UNGUARDED_AVAILABILITY = YES_AGGRESSIVE;
				CLANG_WARN_UNREACHABLE_CODE = YES;
				CLANG_WARN__DUPLICATE_METHOD_MATCH = YES;
				COPY_PHASE_STRIP = NO;
				DEBUG_INFORMATION_FORMAT = "dwarf-with-dsym";
				ENABLE_NS_ASSERTIONS = NO;
				ENABLE_STRICT_OBJC_MSGSEND = YES;
				GCC_C_LANGUAGE_STANDARD = gnu11;
				GCC_NO_COMMON_BLOCKS = YES;
				GCC_WARN_64_TO_32_BIT_CONVERSION = YES;
				GCC_WARN_ABOUT_RETURN_TYPE = YES_ERROR;
				GCC_WARN_UNDECLARED_SELECTOR = YES;
				GCC_WARN_UNINITIALIZED_AUTOS = YES_AGGRESSIVE;
				GCC_WARN_UNUSED_FUNCTION = YES;
				GCC_WARN_UNUSED_VARIABLE = YES;
				IPHONEOS_DEPLOYMENT_TARGET = 16.0;
				MTL_ENABLE_DEBUG_INFO = NO;
				MTL_FAST_MATH = YES;
				SDKROOT = iphoneos;
				SWIFT_COMPILATION_MODE = wholemodule;
				SWIFT_OPTIMIZATION_LEVEL = "-O";
				VALIDATE_PRODUCT = YES;
			};
			name = Release;
		};
		558D3CFA28FF26710068977A /* Debug */ = {
			isa = XCBuildConfiguration;
			buildSettings = {
				ASSETCATALOG_COMPILER_APPICON_NAME = AppIcon;
				ASSETCATALOG_COMPILER_GLOBAL_ACCENT_COLOR_NAME = AccentColor;
				ASSETCATALOG_WARNINGS = YES;
				CODE_SIGN_ENTITLEMENTS = APDetailing/APDetailing.entitlements;
				CODE_SIGN_STYLE = Automatic;
				CURRENT_PROJECT_VERSION = 2;
				DEVELOPMENT_ASSET_PATHS = "";
				DEVELOPMENT_TEAM = 2BLS735KVT;
				ENABLE_PREVIEWS = YES;
				GENERATE_INFOPLIST_FILE = YES;
				INFOPLIST_FILE = APDetailing/Info.plist;
				INFOPLIST_KEY_CFBundleDisplayName = APDetailing;
				INFOPLIST_KEY_UIApplicationSupportsIndirectInputEvents = YES;
				INFOPLIST_KEY_UILaunchScreen_Generation = YES;
				INFOPLIST_KEY_UIRequiresFullScreen = YES;
				INFOPLIST_KEY_UISupportedInterfaceOrientations = UIInterfaceOrientationPortrait;
				LD_RUNPATH_SEARCH_PATHS = (
					"$(inherited)",
					"@executable_path/Frameworks",
				);
				MARKETING_VERSION = 1.0;
				PRODUCT_BUNDLE_IDENTIFIER = "PURE-Holdings.APDetailing";
				PRODUCT_NAME = "$(TARGET_NAME)";
				SUPPORTED_PLATFORMS = "iphoneos iphonesimulator";
				SUPPORTS_MACCATALYST = NO;
				SUPPORTS_MAC_DESIGNED_FOR_IPHONE_IPAD = NO;
				SWIFT_EMIT_LOC_STRINGS = YES;
				SWIFT_VERSION = 5.0;
				TARGETED_DEVICE_FAMILY = "1,2";
			};
			name = Debug;
		};
		558D3CFB28FF26710068977A /* Release */ = {
			isa = XCBuildConfiguration;
			buildSettings = {
				ASSETCATALOG_COMPILER_APPICON_NAME = AppIcon;
				ASSETCATALOG_COMPILER_GLOBAL_ACCENT_COLOR_NAME = AccentColor;
				ASSETCATALOG_WARNINGS = YES;
				CODE_SIGN_ENTITLEMENTS = APDetailing/APDetailing.entitlements;
				CODE_SIGN_STYLE = Automatic;
				CURRENT_PROJECT_VERSION = 2;
				DEVELOPMENT_ASSET_PATHS = "";
				DEVELOPMENT_TEAM = 2BLS735KVT;
				ENABLE_PREVIEWS = YES;
				GENERATE_INFOPLIST_FILE = YES;
				INFOPLIST_FILE = APDetailing/Info.plist;
				INFOPLIST_KEY_CFBundleDisplayName = APDetailing;
				INFOPLIST_KEY_UIApplicationSupportsIndirectInputEvents = YES;
				INFOPLIST_KEY_UILaunchScreen_Generation = YES;
				INFOPLIST_KEY_UIRequiresFullScreen = YES;
				INFOPLIST_KEY_UISupportedInterfaceOrientations = UIInterfaceOrientationPortrait;
				LD_RUNPATH_SEARCH_PATHS = (
					"$(inherited)",
					"@executable_path/Frameworks",
				);
				MARKETING_VERSION = 1.0;
				PRODUCT_BUNDLE_IDENTIFIER = "PURE-Holdings.APDetailing";
				PRODUCT_NAME = "$(TARGET_NAME)";
				SUPPORTED_PLATFORMS = "iphoneos iphonesimulator";
				SUPPORTS_MACCATALYST = NO;
				SUPPORTS_MAC_DESIGNED_FOR_IPHONE_IPAD = NO;
				SWIFT_EMIT_LOC_STRINGS = YES;
				SWIFT_VERSION = 5.0;
				TARGETED_DEVICE_FAMILY = "1,2";
			};
			name = Release;
		};
/* End XCBuildConfiguration section */

/* Begin XCConfigurationList section */
		558D3CE628FF26700068977A /* Build configuration list for PBXProject "APDetailing" */ = {
			isa = XCConfigurationList;
			buildConfigurations = (
				558D3CF728FF26710068977A /* Debug */,
				558D3CF828FF26710068977A /* Release */,
			);
			defaultConfigurationIsVisible = 0;
			defaultConfigurationName = Release;
		};
		558D3CF928FF26710068977A /* Build configuration list for PBXNativeTarget "APDetailing" */ = {
			isa = XCConfigurationList;
			buildConfigurations = (
				558D3CFA28FF26710068977A /* Debug */,
				558D3CFB28FF26710068977A /* Release */,
			);
			defaultConfigurationIsVisible = 0;
			defaultConfigurationName = Release;
		};
/* End XCConfigurationList section */

/* Begin XCRemoteSwiftPackageReference section */
		55D3C771299877F50073379C /* XCRemoteSwiftPackageReference "firebase-ios-sdk" */ = {
			isa = XCRemoteSwiftPackageReference;
			repositoryURL = "https://github.com/firebase/firebase-ios-sdk";
			requirement = {
				kind = upToNextMajorVersion;
				minimumVersion = 9.0.0;
			};
		};
/* End XCRemoteSwiftPackageReference section */

/* Begin XCSwiftPackageProductDependency section */
		5540C7CF29F70D1F00463625 /* FirebaseFunctions */ = {
			isa = XCSwiftPackageProductDependency;
			package = 55D3C771299877F50073379C /* XCRemoteSwiftPackageReference "firebase-ios-sdk" */;
			productName = FirebaseFunctions;
		};
		5540C7D129F70D2700463625 /* FirebaseMessaging */ = {
			isa = XCSwiftPackageProductDependency;
			package = 55D3C771299877F50073379C /* XCRemoteSwiftPackageReference "firebase-ios-sdk" */;
			productName = FirebaseMessaging;
		};
		55D3C772299877F50073379C /* FirebaseAuth */ = {
			isa = XCSwiftPackageProductDependency;
			package = 55D3C771299877F50073379C /* XCRemoteSwiftPackageReference "firebase-ios-sdk" */;
			productName = FirebaseAuth;
		};
		55D3C774299877F50073379C /* FirebaseFirestoreSwift */ = {
			isa = XCSwiftPackageProductDependency;
			package = 55D3C771299877F50073379C /* XCRemoteSwiftPackageReference "firebase-ios-sdk" */;
			productName = FirebaseFirestoreSwift;
		};
/* End XCSwiftPackageProductDependency section */
	};
	rootObject = 558D3CE328FF26700068977A /* Project object */;
}
